
Microsoft Visual Studio Solution File, Format Version 12.00
# Visual Studio Version 16
VisualStudioVersion = 16.0.30503.244
MinimumVisualStudioVersion = 10.0.40219.1
Project("{9A19103F-16F7-4668-BE54-9A1E7A4F7556}") = "Example_Class", "Example_Class\Example_Class.csproj", "{AB3BD036-9CD6-4464-B8EA-F13C37C3F1D7}"
EndProject
Project("{FAE04EC0-301F-11D3-BF4B-00C04F79EFBC}") = "Example_Class_02_Constructor", "Example_Class_02_Constructor\Example_Class_02_Constructor.csproj", "{CE94DB6B-F75C-4740-BE30-CBF98C3C5201}"
EndProject
Project("{FAE04EC0-301F-11D3-BF4B-00C04F79EFBC}") = "Example_Class_4_This", "Example_Class_3_This\Example_Class_4_This.csproj", "{73F698CF-FB63-4B78-8C8F-DB6588E0B903}"
EndProject
Project("{FAE04EC0-301F-11D3-BF4B-00C04F79EFBC}") = "Example_Class_5_Initializer", "Example_Class_4_Initializer\Example_Class_5_Initializer.csproj", "{C1C46B44-D545-4512-B006-1EB83D6CD8C4}"
EndProject
Project("{FAE04EC0-301F-11D3-BF4B-00C04F79EFBC}") = "Example_class_3_access modifiers", "Example_class_3_access modifiers\Example_class_3_access modifiers.csproj", "{AA751BFA-A23B-4250-B1F5-3F91FA066579}"
EndProject
Project("{FAE04EC0-301F-11D3-BF4B-00C04F79EFBC}") = "Example_class_3_access modifiers_Methods", "Example_class_3_access modifiers_Methods\Example_class_3_access modifiers_Methods.csproj", "{749B378B-F1D4-4CFB-9BAE-27559AF9B661}"
EndProject
Project("{FAE04EC0-301F-11D3-BF4B-00C04F79EFBC}") = "Example_Class_6_Property", "Example_Class_5_Property\Example_Class_6_Property.csproj", "{B6D81D2B-FDA8-489C-8562-624BFDEA2D60}"
EndProject
Project("{FAE04EC0-301F-11D3-BF4B-00C04F79EFBC}") = "Example_Class_7_AutoProperty", "Example_Class_7_AutoProperty\Example_Class_7_AutoProperty.csproj", "{3A5CF575-4FC0-41DF-9A60-4CB28BC3F660}"
EndProject
Global
	GlobalSection(SolutionConfigurationPlatforms) = preSolution
		Debug|Any CPU = Debug|Any CPU
		Release|Any CPU = Release|Any CPU
	EndGlobalSection
	GlobalSection(ProjectConfigurationPlatforms) = postSolution
		{AB3BD036-9CD6-4464-B8EA-F13C37C3F1D7}.Debug|Any CPU.ActiveCfg = Debug|Any CPU
		{AB3BD036-9CD6-4464-B8EA-F13C37C3F1D7}.Debug|Any CPU.Build.0 = Debug|Any CPU
		{AB3BD036-9CD6-4464-B8EA-F13C37C3F1D7}.Release|Any CPU.ActiveCfg = Release|Any CPU
		{AB3BD036-9CD6-4464-B8EA-F13C37C3F1D7}.Release|Any CPU.Build.0 = Release|Any CPU
		{CE94DB6B-F75C-4740-BE30-CBF98C3C5201}.Debug|Any CPU.ActiveCfg = Debug|Any CPU
		{CE94DB6B-F75C-4740-BE30-CBF98C3C5201}.Debug|Any CPU.Build.0 = Debug|Any CPU
		{CE94DB6B-F75C-4740-BE30-CBF98C3C5201}.Release|Any CPU.ActiveCfg = Release|Any CPU
		{CE94DB6B-F75C-4740-BE30-CBF98C3C5201}.Release|Any CPU.Build.0 = Release|Any CPU
		{73F698CF-FB63-4B78-8C8F-DB6588E0B903}.Debug|Any CPU.ActiveCfg = Debug|Any CPU
		{73F698CF-FB63-4B78-8C8F-DB6588E0B903}.Debug|Any CPU.Build.0 = Debug|Any CPU
		{73F698CF-FB63-4B78-8C8F-DB6588E0B903}.Release|Any CPU.ActiveCfg = Release|Any CPU
		{73F698CF-FB63-4B78-8C8F-DB6588E0B903}.Release|Any CPU.Build.0 = Release|Any CPU
		{C1C46B44-D545-4512-B006-1EB83D6CD8C4}.Debug|Any CPU.ActiveCfg = Debug|Any CPU
		{C1C46B44-D545-4512-B006-1EB83D6CD8C4}.Debug|Any CPU.Build.0 = Debug|Any CPU
		{C1C46B44-D545-4512-B006-1EB83D6CD8C4}.Release|Any CPU.ActiveCfg = Release|Any CPU
		{C1C46B44-D545-4512-B006-1EB83D6CD8C4}.Release|Any CPU.Build.0 = Release|Any CPU
		{AA751BFA-A23B-4250-B1F5-3F91FA066579}.Debug|Any CPU.ActiveCfg = Debug|Any CPU
		{AA751BFA-A23B-4250-B1F5-3F91FA066579}.Debug|Any CPU.Build.0 = Debug|Any CPU
		{AA751BFA-A23B-4250-B1F5-3F91FA066579}.Release|Any CPU.ActiveCfg = Release|Any CPU
		{AA751BFA-A23B-4250-B1F5-3F91FA066579}.Release|Any CPU.Build.0 = Release|Any CPU
		{749B378B-F1D4-4CFB-9BAE-27559AF9B661}.Debug|Any CPU.ActiveCfg = Debug|Any CPU
		{749B378B-F1D4-4CFB-9BAE-27559AF9B661}.Debug|Any CPU.Build.0 = Debug|Any CPU
		{749B378B-F1D4-4CFB-9BAE-27559AF9B661}.Release|Any CPU.ActiveCfg = Release|Any CPU
		{749B378B-F1D4-4CFB-9BAE-27559AF9B661}.Release|Any CPU.Build.0 = Release|Any CPU
		{B6D81D2B-FDA8-489C-8562-624BFDEA2D60}.Debug|Any CPU.ActiveCfg = Debug|Any CPU
		{B6D81D2B-FDA8-489C-8562-624BFDEA2D60}.Debug|Any CPU.Build.0 = Debug|Any CPU
		{B6D81D2B-FDA8-489C-8562-624BFDEA2D60}.Release|Any CPU.ActiveCfg = Release|Any CPU
		{B6D81D2B-FDA8-489C-8562-624BFDEA2D60}.Release|Any CPU.Build.0 = Release|Any CPU
		{3A5CF575-4FC0-41DF-9A60-4CB28BC3F660}.Debug|Any CPU.ActiveCfg = Debug|Any CPU
		{3A5CF575-4FC0-41DF-9A60-4CB28BC3F660}.Debug|Any CPU.Build.0 = Debug|Any CPU
		{3A5CF575-4FC0-41DF-9A60-4CB28BC3F660}.Release|Any CPU.ActiveCfg = Release|Any CPU
		{3A5CF575-4FC0-41DF-9A60-4CB28BC3F660}.Release|Any CPU.Build.0 = Release|Any CPU
	EndGlobalSection
	GlobalSection(SolutionProperties) = preSolution
		HideSolutionNode = FALSE
	EndGlobalSection
	GlobalSection(ExtensibilityGlobals) = postSolution
		SolutionGuid = {6B6C0066-F441-46CA-8E9F-F4253C6FC6A9}
	EndGlobalSection
EndGlobal
