
Microsoft Visual Studio Solution File, Format Version 12.00
# Visual Studio Version 16
VisualStudioVersion = 16.0.30503.244
MinimumVisualStudioVersion = 10.0.40219.1
Project("{FAE04EC0-301F-11D3-BF4B-00C04F79EFBC}") = "01_Example_Applied_Aspects_null", "01_Example_Applied_Aspects_null\01_Example_Applied_Aspects_null.csproj", "{C5FD842C-E10D-44D2-A0FE-FEFDB3C6CA11}"
EndProject
Project("{FAE04EC0-301F-11D3-BF4B-00C04F79EFBC}") = "02_Example_Applied_Aspects_null_if", "02_Example_Applied_Aspects_null_if\02_Example_Applied_Aspects_null_if.csproj", "{63625095-B16B-4667-8804-6F892DED6AF8}"
EndProject
Project("{FAE04EC0-301F-11D3-BF4B-00C04F79EFBC}") = "03_Example_Applied_Aspects_null_union", "03_Example_Applied_Aspects_null_union\03_Example_Applied_Aspects_null_union.csproj", "{2C53C5C2-2011-4055-A782-649DC3FAA5C0}"
EndProject
Global
	GlobalSection(SolutionConfigurationPlatforms) = preSolution
		Debug|Any CPU = Debug|Any CPU
		Release|Any CPU = Release|Any CPU
	EndGlobalSection
	GlobalSection(ProjectConfigurationPlatforms) = postSolution
		{C5FD842C-E10D-44D2-A0FE-FEFDB3C6CA11}.Debug|Any CPU.ActiveCfg = Debug|Any CPU
		{C5FD842C-E10D-44D2-A0FE-FEFDB3C6CA11}.Debug|Any CPU.Build.0 = Debug|Any CPU
		{C5FD842C-E10D-44D2-A0FE-FEFDB3C6CA11}.Release|Any CPU.ActiveCfg = Release|Any CPU
		{C5FD842C-E10D-44D2-A0FE-FEFDB3C6CA11}.Release|Any CPU.Build.0 = Release|Any CPU
		{63625095-B16B-4667-8804-6F892DED6AF8}.Debug|Any CPU.ActiveCfg = Debug|Any CPU
		{63625095-B16B-4667-8804-6F892DED6AF8}.Debug|Any CPU.Build.0 = Debug|Any CPU
		{63625095-B16B-4667-8804-6F892DED6AF8}.Release|Any CPU.ActiveCfg = Release|Any CPU
		{63625095-B16B-4667-8804-6F892DED6AF8}.Release|Any CPU.Build.0 = Release|Any CPU
		{2C53C5C2-2011-4055-A782-649DC3FAA5C0}.Debug|Any CPU.ActiveCfg = Debug|Any CPU
		{2C53C5C2-2011-4055-A782-649DC3FAA5C0}.Debug|Any CPU.Build.0 = Debug|Any CPU
		{2C53C5C2-2011-4055-A782-649DC3FAA5C0}.Release|Any CPU.ActiveCfg = Release|Any CPU
		{2C53C5C2-2011-4055-A782-649DC3FAA5C0}.Release|Any CPU.Build.0 = Release|Any CPU
	EndGlobalSection
	GlobalSection(SolutionProperties) = preSolution
		HideSolutionNode = FALSE
	EndGlobalSection
	GlobalSection(ExtensibilityGlobals) = postSolution
		SolutionGuid = {BBB8A2E0-D4F9-4BDE-ADA3-B0C9A87400AE}
	EndGlobalSection
EndGlobal
