
Microsoft Visual Studio Solution File, Format Version 12.00
# Visual Studio Version 16
VisualStudioVersion = 16.0.30503.244
MinimumVisualStudioVersion = 10.0.40219.1
Project("{FAE04EC0-301F-11D3-BF4B-00C04F79EFBC}") = "01. Example_Applied_Aspects", "Example_Applied_Aspects\01. Example_Applied_Aspects.csproj", "{C1DDB433-7349-4AA4-9F5D-64C9722A21F5}"
EndProject
Project("{FAE04EC0-301F-11D3-BF4B-00C04F79EFBC}") = "02.Example_Applied_Aspects", "02.Example_Applied_Aspects\02.Example_Applied_Aspects.csproj", "{6580745B-F744-4519-AFC8-91AE12F4FE6C}"
EndProject
Project("{FAE04EC0-301F-11D3-BF4B-00C04F79EFBC}") = "03.Example_Applied_Aspects", "03.Example_Applied_Aspects\03.Example_Applied_Aspects.csproj", "{0643B3F5-7D5A-4B50-A7A8-A2E90C88AB53}"
EndProject
Project("{FAE04EC0-301F-11D3-BF4B-00C04F79EFBC}") = "04. Example_Applied_Aspects_CommandLine", "Example_Applied_Aspects_CommandLine\04. Example_Applied_Aspects_CommandLine.csproj", "{53991596-95A8-4893-8EDD-0714A9B0FE7C}"
EndProject
Global
	GlobalSection(SolutionConfigurationPlatforms) = preSolution
		Debug|Any CPU = Debug|Any CPU
		Release|Any CPU = Release|Any CPU
	EndGlobalSection
	GlobalSection(ProjectConfigurationPlatforms) = postSolution
		{C1DDB433-7349-4AA4-9F5D-64C9722A21F5}.Debug|Any CPU.ActiveCfg = Debug|Any CPU
		{C1DDB433-7349-4AA4-9F5D-64C9722A21F5}.Debug|Any CPU.Build.0 = Debug|Any CPU
		{C1DDB433-7349-4AA4-9F5D-64C9722A21F5}.Release|Any CPU.ActiveCfg = Release|Any CPU
		{C1DDB433-7349-4AA4-9F5D-64C9722A21F5}.Release|Any CPU.Build.0 = Release|Any CPU
		{6580745B-F744-4519-AFC8-91AE12F4FE6C}.Debug|Any CPU.ActiveCfg = Debug|Any CPU
		{6580745B-F744-4519-AFC8-91AE12F4FE6C}.Debug|Any CPU.Build.0 = Debug|Any CPU
		{6580745B-F744-4519-AFC8-91AE12F4FE6C}.Release|Any CPU.ActiveCfg = Release|Any CPU
		{6580745B-F744-4519-AFC8-91AE12F4FE6C}.Release|Any CPU.Build.0 = Release|Any CPU
		{0643B3F5-7D5A-4B50-A7A8-A2E90C88AB53}.Debug|Any CPU.ActiveCfg = Debug|Any CPU
		{0643B3F5-7D5A-4B50-A7A8-A2E90C88AB53}.Debug|Any CPU.Build.0 = Debug|Any CPU
		{0643B3F5-7D5A-4B50-A7A8-A2E90C88AB53}.Release|Any CPU.ActiveCfg = Release|Any CPU
		{0643B3F5-7D5A-4B50-A7A8-A2E90C88AB53}.Release|Any CPU.Build.0 = Release|Any CPU
		{53991596-95A8-4893-8EDD-0714A9B0FE7C}.Debug|Any CPU.ActiveCfg = Debug|Any CPU
		{53991596-95A8-4893-8EDD-0714A9B0FE7C}.Debug|Any CPU.Build.0 = Debug|Any CPU
		{53991596-95A8-4893-8EDD-0714A9B0FE7C}.Release|Any CPU.ActiveCfg = Release|Any CPU
		{53991596-95A8-4893-8EDD-0714A9B0FE7C}.Release|Any CPU.Build.0 = Release|Any CPU
	EndGlobalSection
	GlobalSection(SolutionProperties) = preSolution
		HideSolutionNode = FALSE
	EndGlobalSection
	GlobalSection(ExtensibilityGlobals) = postSolution
		SolutionGuid = {DE95747E-6213-4D81-8950-81C393C05576}
	EndGlobalSection
EndGlobal
